
Microsoft Visual Studio Solution File, Format Version 12.00
# Visual Studio Version 17
VisualStudioVersion = 17.7.34031.279
MinimumVisualStudioVersion = 10.0.40219.1
Project("{FAE04EC0-301F-11D3-BF4B-00C04F79EFBC}") = "DayZServerManager", "DayZServerManager\DayZServerManager.csproj", "{6ACB2AF5-4F83-49BB-B588-FFBC38DB60F3}"
EndProject
Global
	GlobalSection(SolutionConfigurationPlatforms) = preSolution
		Debug|Any CPU = Debug|Any CPU
		Release|Any CPU = Release|Any CPU
	EndGlobalSection
	GlobalSection(ProjectConfigurationPlatforms) = postSolution
		{6ACB2AF5-4F83-49BB-B588-FFBC38DB60F3}.Debug|Any CPU.ActiveCfg = Debug|Any CPU
		{6ACB2AF5-4F83-49BB-B588-FFBC38DB60F3}.Debug|Any CPU.Build.0 = Debug|Any CPU
		{6ACB2AF5-4F83-49BB-B588-FFBC38DB60F3}.Release|Any CPU.ActiveCfg = Release|Any CPU
		{6ACB2AF5-4F83-49BB-B588-FFBC38DB60F3}.Release|Any CPU.Build.0 = Release|Any CPU
	EndGlobalSection
	GlobalSection(SolutionProperties) = preSolution
		HideSolutionNode = FALSE
	EndGlobalSection
	GlobalSection(ExtensibilityGlobals) = postSolution
		SolutionGuid = {7B2DF1E3-68AB-457A-B8E0-8612F9EDE9FF}
	EndGlobalSection
EndGlobal
