
Microsoft Visual Studio Solution File, Format Version 12.00
# Visual Studio Version 17
VisualStudioVersion = 17.10.35013.160
MinimumVisualStudioVersion = 10.0.40219.1
Project("{FAE04EC0-301F-11D3-BF4B-00C04F79EFBC}") = "DayZServerManager.Server", "DayZServerManager.Server\DayZServerManager.Server.csproj", "{68F63238-48BB-4FE3-B1C5-93C10FD871BD}"
EndProject
Project("{54A90642-561A-4BB1-A94E-469ADEE60C69}") = "dayzservermanager.client", "dayzservermanager.client\dayzservermanager.client.esproj", "{4060A354-5EA3-4D08-8E30-AAC9CAB3EFE0}"
EndProject
Global
	GlobalSection(SolutionConfigurationPlatforms) = preSolution
		Debug|Any CPU = Debug|Any CPU
		Release|Any CPU = Release|Any CPU
	EndGlobalSection
	GlobalSection(ProjectConfigurationPlatforms) = postSolution
		{68F63238-48BB-4FE3-B1C5-93C10FD871BD}.Debug|Any CPU.ActiveCfg = Debug|Any CPU
		{68F63238-48BB-4FE3-B1C5-93C10FD871BD}.Debug|Any CPU.Build.0 = Debug|Any CPU
		{68F63238-48BB-4FE3-B1C5-93C10FD871BD}.Release|Any CPU.ActiveCfg = Release|Any CPU
		{68F63238-48BB-4FE3-B1C5-93C10FD871BD}.Release|Any CPU.Build.0 = Release|Any CPU
		{4060A354-5EA3-4D08-8E30-AAC9CAB3EFE0}.Debug|Any CPU.ActiveCfg = Debug|Any CPU
		{4060A354-5EA3-4D08-8E30-AAC9CAB3EFE0}.Debug|Any CPU.Build.0 = Debug|Any CPU
		{4060A354-5EA3-4D08-8E30-AAC9CAB3EFE0}.Debug|Any CPU.Deploy.0 = Debug|Any CPU
		{4060A354-5EA3-4D08-8E30-AAC9CAB3EFE0}.Release|Any CPU.ActiveCfg = Release|Any CPU
		{4060A354-5EA3-4D08-8E30-AAC9CAB3EFE0}.Release|Any CPU.Build.0 = Release|Any CPU
		{4060A354-5EA3-4D08-8E30-AAC9CAB3EFE0}.Release|Any CPU.Deploy.0 = Release|Any CPU
	EndGlobalSection
	GlobalSection(SolutionProperties) = preSolution
		HideSolutionNode = FALSE
	EndGlobalSection
	GlobalSection(ExtensibilityGlobals) = postSolution
		SolutionGuid = {96E6BD07-4693-47A7-8E43-C69C4C8BCE3D}
	EndGlobalSection
EndGlobal
