
Microsoft Visual Studio Solution File, Format Version 12.00
# Visual Studio Version 17
VisualStudioVersion = 17.10.35013.160
MinimumVisualStudioVersion = 10.0.40219.1
Project("{FAE04EC0-301F-11D3-BF4B-00C04F79EFBC}") = "DayZServerManager.Server", "DayZServerManager.Server\DayZServerManager.Server.csproj", "{B1495913-D327-4B23-AB23-69C1BDC1F800}"
EndProject
Project("{54A90642-561A-4BB1-A94E-469ADEE60C69}") = "dayzservermanager.client", "dayzservermanager.client\dayzservermanager.client.esproj", "{CA9AE078-9B09-40F7-8B9A-53F9EA9C02C4}"
EndProject
Global
	GlobalSection(SolutionConfigurationPlatforms) = preSolution
		Debug|Any CPU = Debug|Any CPU
		Release|Any CPU = Release|Any CPU
	EndGlobalSection
	GlobalSection(ProjectConfigurationPlatforms) = postSolution
		{B1495913-D327-4B23-AB23-69C1BDC1F800}.Debug|Any CPU.ActiveCfg = Debug|Any CPU
		{B1495913-D327-4B23-AB23-69C1BDC1F800}.Debug|Any CPU.Build.0 = Debug|Any CPU
		{B1495913-D327-4B23-AB23-69C1BDC1F800}.Release|Any CPU.ActiveCfg = Release|Any CPU
		{B1495913-D327-4B23-AB23-69C1BDC1F800}.Release|Any CPU.Build.0 = Release|Any CPU
		{CA9AE078-9B09-40F7-8B9A-53F9EA9C02C4}.Debug|Any CPU.ActiveCfg = Debug|Any CPU
		{CA9AE078-9B09-40F7-8B9A-53F9EA9C02C4}.Debug|Any CPU.Build.0 = Debug|Any CPU
		{CA9AE078-9B09-40F7-8B9A-53F9EA9C02C4}.Debug|Any CPU.Deploy.0 = Debug|Any CPU
		{CA9AE078-9B09-40F7-8B9A-53F9EA9C02C4}.Release|Any CPU.ActiveCfg = Release|Any CPU
		{CA9AE078-9B09-40F7-8B9A-53F9EA9C02C4}.Release|Any CPU.Build.0 = Release|Any CPU
		{CA9AE078-9B09-40F7-8B9A-53F9EA9C02C4}.Release|Any CPU.Deploy.0 = Release|Any CPU
	EndGlobalSection
	GlobalSection(SolutionProperties) = preSolution
		HideSolutionNode = FALSE
	EndGlobalSection
	GlobalSection(ExtensibilityGlobals) = postSolution
		SolutionGuid = {F2FF1210-51CB-4404-B2CE-F97CEE561D4C}
	EndGlobalSection
EndGlobal
